
Microsoft Visual Studio Solution File, Format Version 12.00
Project("{FAE04EC0-301F-11D3-BF4B-00C04F79EFBC}") = "1125_Sveta", "1125_Sveta\1125_Sveta.csproj", "{4FEBE2C2-D8F1-4052-A7B4-5D1DBE983771}"
EndProject
Global
	GlobalSection(SolutionConfigurationPlatforms) = preSolution
		Debug|Any CPU = Debug|Any CPU
		Release|Any CPU = Release|Any CPU
	EndGlobalSection
	GlobalSection(ProjectConfigurationPlatforms) = postSolution
		{4FEBE2C2-D8F1-4052-A7B4-5D1DBE983771}.Debug|Any CPU.ActiveCfg = Debug|Any CPU
		{4FEBE2C2-D8F1-4052-A7B4-5D1DBE983771}.Debug|Any CPU.Build.0 = Debug|Any CPU
		{4FEBE2C2-D8F1-4052-A7B4-5D1DBE983771}.Release|Any CPU.ActiveCfg = Release|Any CPU
		{4FEBE2C2-D8F1-4052-A7B4-5D1DBE983771}.Release|Any CPU.Build.0 = Release|Any CPU
	EndGlobalSection
EndGlobal
